
Microsoft Visual Studio Solution File, Format Version 12.00
# Visual Studio Version 17
VisualStudioVersion = 17.12.35707.178
MinimumVisualStudioVersion = 10.0.40219.1
Project("{FAE04EC0-301F-11D3-BF4B-00C04F79EFBC}") = "salario mensual de los empleados", "salario mensual de los empleados\salario mensual de los empleados.csproj", "{3134DDAF-6555-427C-8A9D-D68F6B9C2C28}"
EndProject
Project("{FAE04EC0-301F-11D3-BF4B-00C04F79EFBC}") = "Comprobación de suma de dos números", "Comprobación de suma de dos números\Comprobación de suma de dos números.csproj", "{63007F23-C971-4377-A723-9EFAB39AAC73}"
EndProject
Project("{FAE04EC0-301F-11D3-BF4B-00C04F79EFBC}") = "cálculo del promedio de un conjunto de valores numéricos", "cálculo del promedio de un conjunto de valores numéricos\cálculo del promedio de un conjunto de valores numéricos.csproj", "{1E4F5DB9-709B-4FCB-B691-480F46778A00}"
EndProject
Project("{FAE04EC0-301F-11D3-BF4B-00C04F79EFBC}") = "Ventas diarias", "Ventas diarias\Ventas diarias.csproj", "{8802DD9C-EAC2-4C1D-B1E9-5C95512D4ED0}"
EndProject
Project("{FAE04EC0-301F-11D3-BF4B-00C04F79EFBC}") = "Temperaturas", "Temperaturas\Temperaturas.csproj", "{C06A1770-A718-4991-A04A-B6CA3BE633C2}"
EndProject
Project("{FAE04EC0-301F-11D3-BF4B-00C04F79EFBC}") = "ArregloInverso", "ArregloInverso\ArregloInverso.csproj", "{E0737701-97C9-4516-BEE6-B604DABF4CC4}"
EndProject
Project("{FAE04EC0-301F-11D3-BF4B-00C04F79EFBC}") = "ProdemdioEstudiantes", "ProdemdioEstudiantes\ProdemdioEstudiantes.csproj", "{9DE6EFD7-D47F-4FCB-BFCD-642619991BF1}"
EndProject
Project("{FAE04EC0-301F-11D3-BF4B-00C04F79EFBC}") = "AlmacenarProcesarInfromacion", "AlmacenarProcesarInfromacion\AlmacenarProcesarInfromacion.csproj", "{B0698AE0-6457-40D5-933F-C8145BC12C26}"
EndProject
Project("{FAE04EC0-301F-11D3-BF4B-00C04F79EFBC}") = "Gestion de Estudiantes por Asignatura", "Gestion de Estudiantes por Asignatura\Gestion de Estudiantes por Asignatura.csproj", "{BCF4E5DA-4540-42BE-AF52-73CB360E490D}"
EndProject
Project("{FAE04EC0-301F-11D3-BF4B-00C04F79EFBC}") = "InteresCompuesto", "InteresCompuesto\InteresCompuesto.csproj", "{2A2831AA-DA2A-49C1-9AD4-9EF9292EB469}"
EndProject
Project("{FAE04EC0-301F-11D3-BF4B-00C04F79EFBC}") = "DepreciacionSaldoDecrecitente", "DepreciacionSaldoDecrecitente\DepreciacionSaldoDecrecitente.csproj", "{B9ADB7CD-77C1-458A-9F14-FFB3DC98D9C5}"
EndProject
Project("{FAE04EC0-301F-11D3-BF4B-00C04F79EFBC}") = "BubbleSort", "BubbleSort\BubbleSort.csproj", "{6E0F96D9-5B46-4BB6-BCAC-26FA0368F447}"
EndProject
Project("{FAE04EC0-301F-11D3-BF4B-00C04F79EFBC}") = "SelectionSort", "SelectionSort\SelectionSort.csproj", "{FE957461-CA55-4C5C-B7CC-2551ACA595C0}"
EndProject
Project("{FAE04EC0-301F-11D3-BF4B-00C04F79EFBC}") = "InsertionSort", "InsertionSort\InsertionSort.csproj", "{73DA5AAB-6CAB-4E0A-B160-8814C6D86DA8}"
EndProject
Project("{FAE04EC0-301F-11D3-BF4B-00C04F79EFBC}") = "Verificar asistencia en lista", "Búsqueda Secuencial\Verificar asistencia en lista.csproj", "{65D412E1-BC43-4BCC-B79F-DFC4501F5A81}"
EndProject
Project("{FAE04EC0-301F-11D3-BF4B-00C04F79EFBC}") = "Revisar si un producto está agotado", "Revisar si un producto está agotado\Revisar si un producto está agotado.csproj", "{96994635-0314-4618-BB56-F20912294B4A}"
EndProject
Project("{FAE04EC0-301F-11D3-BF4B-00C04F79EFBC}") = "Buscar calificación específica", "Buscar calificación específica\Buscar calificación específica.csproj", "{8C571725-0751-42A5-8F01-C2BB45773BEA}"
EndProject
Project("{FAE04EC0-301F-11D3-BF4B-00C04F79EFBC}") = "Validación de código de descuento", "Validación de código de descuento\Validación de código de descuento.csproj", "{F0AACB15-7270-404B-BFA8-4D52768180A6}"
EndProject
Project("{FAE04EC0-301F-11D3-BF4B-00C04F79EFBC}") = "Verificar existencia de un cliente en registro masivo", "Verificar existencia de un cliente en registro masivo\Verificar existencia de un cliente en registro masivo.csproj", "{527EF020-01BB-41E4-8BF6-EBE021AFD236}"
EndProject
Project("{2150E333-8FDC-42A3-9474-1A3956D46DE8}") = "Busqueda Secuencial", "Busqueda Secuencial", "{02EA681E-C7D8-13C7-8484-4AC65E1B71E8}"
EndProject
Project("{2150E333-8FDC-42A3-9474-1A3956D46DE8}") = "Busqueda Binaria", "Busqueda Binaria", "{14F40553-ED4D-482C-8493-160300E00D08}"
EndProject
Project("{2150E333-8FDC-42A3-9474-1A3956D46DE8}") = "Busqueda Externa", "Busqueda Externa", "{0E3F576B-0287-479C-BCAE-18D65B5058E3}"
EndProject
Project("{2150E333-8FDC-42A3-9474-1A3956D46DE8}") = "Algoritmos de Organizacion", "Algoritmos de Organizacion", "{0112DC0C-6E81-4794-BE5B-10A53003BA35}"
EndProject
Project("{2150E333-8FDC-42A3-9474-1A3956D46DE8}") = "Pilas y Colas", "Pilas y Colas", "{DA76FA4B-11CB-4A29-9F57-622891A16A2F}"
EndProject
Project("{FAE04EC0-301F-11D3-BF4B-00C04F79EFBC}") = "Navegación en un navegador web", "Navegación en un navegador web\Navegación en un navegador web.csproj", "{70375BDE-4F08-4DDF-8F77-08D693CC1C69}"
EndProject
Project("{FAE04EC0-301F-11D3-BF4B-00C04F79EFBC}") = "Atención de clientes en un banco", "Atención de clientes en un banco\Atención de clientes en un banco.csproj", "{448B2F7D-8382-4782-BFC0-FCA8A7B685AC}"
EndProject
Project("{2150E333-8FDC-42A3-9474-1A3956D46DE8}") = "Agenda de Contactos", "Agenda de Contactos", "{599F2E5A-9BFB-45EC-A945-4C26F9FDDC20}"
EndProject
Project("{FAE04EC0-301F-11D3-BF4B-00C04F79EFBC}") = "AgendaContactosDinamicos", "AgendaContactosDinamicos\AgendaContactosDinamicos.csproj", "{D4AA66CD-17BE-4965-B87F-CD5B8F5B2110}"
EndProject
Global
	GlobalSection(SolutionConfigurationPlatforms) = preSolution
		Debug|Any CPU = Debug|Any CPU
		Release|Any CPU = Release|Any CPU
	EndGlobalSection
	GlobalSection(ProjectConfigurationPlatforms) = postSolution
		{3134DDAF-6555-427C-8A9D-D68F6B9C2C28}.Debug|Any CPU.ActiveCfg = Debug|Any CPU
		{3134DDAF-6555-427C-8A9D-D68F6B9C2C28}.Debug|Any CPU.Build.0 = Debug|Any CPU
		{3134DDAF-6555-427C-8A9D-D68F6B9C2C28}.Release|Any CPU.ActiveCfg = Release|Any CPU
		{3134DDAF-6555-427C-8A9D-D68F6B9C2C28}.Release|Any CPU.Build.0 = Release|Any CPU
		{63007F23-C971-4377-A723-9EFAB39AAC73}.Debug|Any CPU.ActiveCfg = Debug|Any CPU
		{63007F23-C971-4377-A723-9EFAB39AAC73}.Debug|Any CPU.Build.0 = Debug|Any CPU
		{63007F23-C971-4377-A723-9EFAB39AAC73}.Release|Any CPU.ActiveCfg = Release|Any CPU
		{63007F23-C971-4377-A723-9EFAB39AAC73}.Release|Any CPU.Build.0 = Release|Any CPU
		{1E4F5DB9-709B-4FCB-B691-480F46778A00}.Debug|Any CPU.ActiveCfg = Debug|Any CPU
		{1E4F5DB9-709B-4FCB-B691-480F46778A00}.Debug|Any CPU.Build.0 = Debug|Any CPU
		{1E4F5DB9-709B-4FCB-B691-480F46778A00}.Release|Any CPU.ActiveCfg = Release|Any CPU
		{1E4F5DB9-709B-4FCB-B691-480F46778A00}.Release|Any CPU.Build.0 = Release|Any CPU
		{8802DD9C-EAC2-4C1D-B1E9-5C95512D4ED0}.Debug|Any CPU.ActiveCfg = Debug|Any CPU
		{8802DD9C-EAC2-4C1D-B1E9-5C95512D4ED0}.Debug|Any CPU.Build.0 = Debug|Any CPU
		{8802DD9C-EAC2-4C1D-B1E9-5C95512D4ED0}.Release|Any CPU.ActiveCfg = Release|Any CPU
		{8802DD9C-EAC2-4C1D-B1E9-5C95512D4ED0}.Release|Any CPU.Build.0 = Release|Any CPU
		{C06A1770-A718-4991-A04A-B6CA3BE633C2}.Debug|Any CPU.ActiveCfg = Debug|Any CPU
		{C06A1770-A718-4991-A04A-B6CA3BE633C2}.Debug|Any CPU.Build.0 = Debug|Any CPU
		{C06A1770-A718-4991-A04A-B6CA3BE633C2}.Release|Any CPU.ActiveCfg = Release|Any CPU
		{C06A1770-A718-4991-A04A-B6CA3BE633C2}.Release|Any CPU.Build.0 = Release|Any CPU
		{E0737701-97C9-4516-BEE6-B604DABF4CC4}.Debug|Any CPU.ActiveCfg = Debug|Any CPU
		{E0737701-97C9-4516-BEE6-B604DABF4CC4}.Debug|Any CPU.Build.0 = Debug|Any CPU
		{E0737701-97C9-4516-BEE6-B604DABF4CC4}.Release|Any CPU.ActiveCfg = Release|Any CPU
		{E0737701-97C9-4516-BEE6-B604DABF4CC4}.Release|Any CPU.Build.0 = Release|Any CPU
		{9DE6EFD7-D47F-4FCB-BFCD-642619991BF1}.Debug|Any CPU.ActiveCfg = Debug|Any CPU
		{9DE6EFD7-D47F-4FCB-BFCD-642619991BF1}.Debug|Any CPU.Build.0 = Debug|Any CPU
		{9DE6EFD7-D47F-4FCB-BFCD-642619991BF1}.Release|Any CPU.ActiveCfg = Release|Any CPU
		{9DE6EFD7-D47F-4FCB-BFCD-642619991BF1}.Release|Any CPU.Build.0 = Release|Any CPU
		{B0698AE0-6457-40D5-933F-C8145BC12C26}.Debug|Any CPU.ActiveCfg = Debug|Any CPU
		{B0698AE0-6457-40D5-933F-C8145BC12C26}.Debug|Any CPU.Build.0 = Debug|Any CPU
		{B0698AE0-6457-40D5-933F-C8145BC12C26}.Release|Any CPU.ActiveCfg = Release|Any CPU
		{B0698AE0-6457-40D5-933F-C8145BC12C26}.Release|Any CPU.Build.0 = Release|Any CPU
		{BCF4E5DA-4540-42BE-AF52-73CB360E490D}.Debug|Any CPU.ActiveCfg = Debug|Any CPU
		{BCF4E5DA-4540-42BE-AF52-73CB360E490D}.Debug|Any CPU.Build.0 = Debug|Any CPU
		{BCF4E5DA-4540-42BE-AF52-73CB360E490D}.Release|Any CPU.ActiveCfg = Release|Any CPU
		{BCF4E5DA-4540-42BE-AF52-73CB360E490D}.Release|Any CPU.Build.0 = Release|Any CPU
		{2A2831AA-DA2A-49C1-9AD4-9EF9292EB469}.Debug|Any CPU.ActiveCfg = Debug|Any CPU
		{2A2831AA-DA2A-49C1-9AD4-9EF9292EB469}.Debug|Any CPU.Build.0 = Debug|Any CPU
		{2A2831AA-DA2A-49C1-9AD4-9EF9292EB469}.Release|Any CPU.ActiveCfg = Release|Any CPU
		{2A2831AA-DA2A-49C1-9AD4-9EF9292EB469}.Release|Any CPU.Build.0 = Release|Any CPU
		{B9ADB7CD-77C1-458A-9F14-FFB3DC98D9C5}.Debug|Any CPU.ActiveCfg = Debug|Any CPU
		{B9ADB7CD-77C1-458A-9F14-FFB3DC98D9C5}.Debug|Any CPU.Build.0 = Debug|Any CPU
		{B9ADB7CD-77C1-458A-9F14-FFB3DC98D9C5}.Release|Any CPU.ActiveCfg = Release|Any CPU
		{B9ADB7CD-77C1-458A-9F14-FFB3DC98D9C5}.Release|Any CPU.Build.0 = Release|Any CPU
		{6E0F96D9-5B46-4BB6-BCAC-26FA0368F447}.Debug|Any CPU.ActiveCfg = Debug|Any CPU
		{6E0F96D9-5B46-4BB6-BCAC-26FA0368F447}.Debug|Any CPU.Build.0 = Debug|Any CPU
		{6E0F96D9-5B46-4BB6-BCAC-26FA0368F447}.Release|Any CPU.ActiveCfg = Release|Any CPU
		{6E0F96D9-5B46-4BB6-BCAC-26FA0368F447}.Release|Any CPU.Build.0 = Release|Any CPU
		{FE957461-CA55-4C5C-B7CC-2551ACA595C0}.Debug|Any CPU.ActiveCfg = Debug|Any CPU
		{FE957461-CA55-4C5C-B7CC-2551ACA595C0}.Debug|Any CPU.Build.0 = Debug|Any CPU
		{FE957461-CA55-4C5C-B7CC-2551ACA595C0}.Release|Any CPU.ActiveCfg = Release|Any CPU
		{FE957461-CA55-4C5C-B7CC-2551ACA595C0}.Release|Any CPU.Build.0 = Release|Any CPU
		{73DA5AAB-6CAB-4E0A-B160-8814C6D86DA8}.Debug|Any CPU.ActiveCfg = Debug|Any CPU
		{73DA5AAB-6CAB-4E0A-B160-8814C6D86DA8}.Debug|Any CPU.Build.0 = Debug|Any CPU
		{73DA5AAB-6CAB-4E0A-B160-8814C6D86DA8}.Release|Any CPU.ActiveCfg = Release|Any CPU
		{73DA5AAB-6CAB-4E0A-B160-8814C6D86DA8}.Release|Any CPU.Build.0 = Release|Any CPU
		{65D412E1-BC43-4BCC-B79F-DFC4501F5A81}.Debug|Any CPU.ActiveCfg = Debug|Any CPU
		{65D412E1-BC43-4BCC-B79F-DFC4501F5A81}.Debug|Any CPU.Build.0 = Debug|Any CPU
		{65D412E1-BC43-4BCC-B79F-DFC4501F5A81}.Release|Any CPU.ActiveCfg = Release|Any CPU
		{65D412E1-BC43-4BCC-B79F-DFC4501F5A81}.Release|Any CPU.Build.0 = Release|Any CPU
		{96994635-0314-4618-BB56-F20912294B4A}.Debug|Any CPU.ActiveCfg = Debug|Any CPU
		{96994635-0314-4618-BB56-F20912294B4A}.Debug|Any CPU.Build.0 = Debug|Any CPU
		{96994635-0314-4618-BB56-F20912294B4A}.Release|Any CPU.ActiveCfg = Release|Any CPU
		{96994635-0314-4618-BB56-F20912294B4A}.Release|Any CPU.Build.0 = Release|Any CPU
		{8C571725-0751-42A5-8F01-C2BB45773BEA}.Debug|Any CPU.ActiveCfg = Debug|Any CPU
		{8C571725-0751-42A5-8F01-C2BB45773BEA}.Debug|Any CPU.Build.0 = Debug|Any CPU
		{8C571725-0751-42A5-8F01-C2BB45773BEA}.Release|Any CPU.ActiveCfg = Release|Any CPU
		{8C571725-0751-42A5-8F01-C2BB45773BEA}.Release|Any CPU.Build.0 = Release|Any CPU
		{F0AACB15-7270-404B-BFA8-4D52768180A6}.Debug|Any CPU.ActiveCfg = Debug|Any CPU
		{F0AACB15-7270-404B-BFA8-4D52768180A6}.Debug|Any CPU.Build.0 = Debug|Any CPU
		{F0AACB15-7270-404B-BFA8-4D52768180A6}.Release|Any CPU.ActiveCfg = Release|Any CPU
		{F0AACB15-7270-404B-BFA8-4D52768180A6}.Release|Any CPU.Build.0 = Release|Any CPU
		{527EF020-01BB-41E4-8BF6-EBE021AFD236}.Debug|Any CPU.ActiveCfg = Debug|Any CPU
		{527EF020-01BB-41E4-8BF6-EBE021AFD236}.Debug|Any CPU.Build.0 = Debug|Any CPU
		{527EF020-01BB-41E4-8BF6-EBE021AFD236}.Release|Any CPU.ActiveCfg = Release|Any CPU
		{527EF020-01BB-41E4-8BF6-EBE021AFD236}.Release|Any CPU.Build.0 = Release|Any CPU
		{70375BDE-4F08-4DDF-8F77-08D693CC1C69}.Debug|Any CPU.ActiveCfg = Debug|Any CPU
		{70375BDE-4F08-4DDF-8F77-08D693CC1C69}.Debug|Any CPU.Build.0 = Debug|Any CPU
		{70375BDE-4F08-4DDF-8F77-08D693CC1C69}.Release|Any CPU.ActiveCfg = Release|Any CPU
		{70375BDE-4F08-4DDF-8F77-08D693CC1C69}.Release|Any CPU.Build.0 = Release|Any CPU
		{448B2F7D-8382-4782-BFC0-FCA8A7B685AC}.Debug|Any CPU.ActiveCfg = Debug|Any CPU
		{448B2F7D-8382-4782-BFC0-FCA8A7B685AC}.Debug|Any CPU.Build.0 = Debug|Any CPU
		{448B2F7D-8382-4782-BFC0-FCA8A7B685AC}.Release|Any CPU.ActiveCfg = Release|Any CPU
		{448B2F7D-8382-4782-BFC0-FCA8A7B685AC}.Release|Any CPU.Build.0 = Release|Any CPU
		{D4AA66CD-17BE-4965-B87F-CD5B8F5B2110}.Debug|Any CPU.ActiveCfg = Debug|Any CPU
		{D4AA66CD-17BE-4965-B87F-CD5B8F5B2110}.Debug|Any CPU.Build.0 = Debug|Any CPU
		{D4AA66CD-17BE-4965-B87F-CD5B8F5B2110}.Release|Any CPU.ActiveCfg = Release|Any CPU
		{D4AA66CD-17BE-4965-B87F-CD5B8F5B2110}.Release|Any CPU.Build.0 = Release|Any CPU
	EndGlobalSection
	GlobalSection(SolutionProperties) = preSolution
		HideSolutionNode = FALSE
	EndGlobalSection
	GlobalSection(NestedProjects) = preSolution
		{6E0F96D9-5B46-4BB6-BCAC-26FA0368F447} = {0112DC0C-6E81-4794-BE5B-10A53003BA35}
		{FE957461-CA55-4C5C-B7CC-2551ACA595C0} = {0112DC0C-6E81-4794-BE5B-10A53003BA35}
		{73DA5AAB-6CAB-4E0A-B160-8814C6D86DA8} = {0112DC0C-6E81-4794-BE5B-10A53003BA35}
		{65D412E1-BC43-4BCC-B79F-DFC4501F5A81} = {02EA681E-C7D8-13C7-8484-4AC65E1B71E8}
		{96994635-0314-4618-BB56-F20912294B4A} = {02EA681E-C7D8-13C7-8484-4AC65E1B71E8}
		{8C571725-0751-42A5-8F01-C2BB45773BEA} = {14F40553-ED4D-482C-8493-160300E00D08}
		{F0AACB15-7270-404B-BFA8-4D52768180A6} = {14F40553-ED4D-482C-8493-160300E00D08}
		{527EF020-01BB-41E4-8BF6-EBE021AFD236} = {0E3F576B-0287-479C-BCAE-18D65B5058E3}
		{70375BDE-4F08-4DDF-8F77-08D693CC1C69} = {DA76FA4B-11CB-4A29-9F57-622891A16A2F}
		{448B2F7D-8382-4782-BFC0-FCA8A7B685AC} = {DA76FA4B-11CB-4A29-9F57-622891A16A2F}
		{D4AA66CD-17BE-4965-B87F-CD5B8F5B2110} = {599F2E5A-9BFB-45EC-A945-4C26F9FDDC20}
	EndGlobalSection
	GlobalSection(ExtensibilityGlobals) = postSolution
		SolutionGuid = {654C8942-55DE-408B-B096-CA59D178E286}
	EndGlobalSection
EndGlobal
